// !$*UTF8*$!
{
	archiveVersion = 1;
	classes = {
	};
	objectVersion = 46;
	objects = {

/* Begin PBXBuildFile section */
		96AEDF9E1DBC5FE00078781F /* AppDelegate.swift in Sources */ = {isa = PBXBuildFile; fileRef = 96AEDF9D1DBC5FE00078781F /* AppDelegate.swift */; };
		96AEDFA01DBC5FE00078781F /* ViewController.swift in Sources */ = {isa = PBXBuildFile; fileRef = 96AEDF9F1DBC5FE00078781F /* ViewController.swift */; };
		96AEDFA31DBC5FE00078781F /* Main.storyboard in Resources */ = {isa = PBXBuildFile; fileRef = 96AEDFA11DBC5FE00078781F /* Main.storyboard */; };
		96AEDFA51DBC5FE00078781F /* Assets.xcassets in Resources */ = {isa = PBXBuildFile; fileRef = 96AEDFA41DBC5FE00078781F /* Assets.xcassets */; };
		96AEDFA81DBC5FE00078781F /* LaunchScreen.storyboard in Resources */ = {isa = PBXBuildFile; fileRef = 96AEDFA61DBC5FE00078781F /* LaunchScreen.storyboard */; };
/* End PBXBuildFile section */

/* Begin PBXFileReference section */
		96AEDF9A1DBC5FE00078781F /* MiraclePill.app */ = {isa = PBXFileReference; explicitFileType = wrapper.application; includeInIndex = 0; path = MiraclePill.app; sourceTree = BUILT_PRODUCTS_DIR; };
		96AEDF9D1DBC5FE00078781F /* AppDelegate.swift */ = {isa = PBXFileReference; lastKnownFileType = sourcecode.swift; path = AppDelegate.swift; sourceTree = "<group>"; };
		96AEDF9F1DBC5FE00078781F /* ViewController.swift */ = {isa = PBXFileReference; lastKnownFileType = sourcecode.swift; path = ViewController.swift; sourceTree = "<group>"; };
		96AEDFA21DBC5FE00078781F /* Base */ = {isa = PBXFileReference; lastKnownFileType = file.storyboard; name = Base; path = Base.lproj/Main.storyboard; sourceTree = "<group>"; };
		96AEDFA41DBC5FE00078781F /* Assets.xcassets */ = {isa = PBXFileReference; lastKnownFileType = folder.assetcatalog; path = Assets.xcassets; sourceTree = "<group>"; };
		96AEDFA71DBC5FE00078781F /* Base */ = {isa = PBXFileReference; lastKnownFileType = file.storyboard; name = Base; path = Base.lproj/LaunchScreen.storyboard; sourceTree = "<group>"; };
		96AEDFA91DBC5FE00078781F /* Info.plist */ = {isa = PBXFileReference; lastKnownFileType = text.plist.xml; path = Info.plist; sourceTree = "<group>"; };
/* End PBXFileReference section */

/* Begin PBXFrameworksBuildPhase section */
		96AEDF971DBC5FE00078781F /* Frameworks */ = {
			isa = PBXFrameworksBuildPhase;
			buildActionMask = 2147483647;
			files = (
			);
			runOnlyForDeploymentPostprocessing = 0;
		};
/* End PBXFrameworksBuildPhase section */

/* Begin PBXGroup section */
		96AEDF911DBC5FE00078781F = {
			isa = PBXGroup;
			children = (
				96AEDF9C1DBC5FE00078781F /* MiraclePill */,
				96AEDF9B1DBC5FE00078781F /* Products */,
			);
			sourceTree = "<group>";
		};
		96AEDF9B1DBC5FE00078781F /* Products */ = {
			isa = PBXGroup;
			children = (
				96AEDF9A1DBC5FE00078781F /* MiraclePill.app */,
			);
			name = Products;
			sourceTree = "<group>";
		};
		96AEDF9C1DBC5FE00078781F /* MiraclePill */ = {
			isa = PBXGroup;
			children = (
				96AEDF9D1DBC5FE00078781F /* AppDelegate.swift */,
				96AEDF9F1DBC5FE00078781F /* ViewController.swift */,
				96AEDFA11DBC5FE00078781F /* Main.storyboard */,
				96AEDFA41DBC5FE00078781F /* Assets.xcassets */,
				96AEDFA61DBC5FE00078781F /* LaunchScreen.storyboard */,
				96AEDFA91DBC5FE00078781F /* Info.plist */,
			);
			path = MiraclePill;
			sourceTree = "<group>";
		};
/* End PBXGroup section */

/* Begin PBXNativeTarget section */
		96AEDF991DBC5FE00078781F /* MiraclePill */ = {
			isa = PBXNativeTarget;
			buildConfigurationList = 96AEDFAC1DBC5FE00078781F /* Build configuration list for PBXNativeTarget "MiraclePill" */;
			buildPhases = (
				96AEDF961DBC5FE00078781F /* Sources */,
				96AEDF971DBC5FE00078781F /* Frameworks */,
				96AEDF981DBC5FE00078781F /* Resources */,
			);
			buildRules = (
			);
			dependencies = (
			);
			name = MiraclePill;
			productName = MiraclePill;
			productReference = 96AEDF9A1DBC5FE00078781F /* MiraclePill.app */;
			productType = "com.apple.product-type.application";
		};
/* End PBXNativeTarget section */

/* Begin PBXProject section */
		96AEDF921DBC5FE00078781F /* Project object */ = {
			isa = PBXProject;
			attributes = {
				LastSwiftUpdateCheck = 0800;
				LastUpgradeCheck = 0800;
				ORGANIZATIONNAME = "Pow Lee";
				TargetAttributes = {
					96AEDF991DBC5FE00078781F = {
						CreatedOnToolsVersion = 8.0;
						ProvisioningStyle = Automatic;
					};
				};
			};
			buildConfigurationList = 96AEDF951DBC5FE00078781F /* Build configuration list for PBXProject "MiraclePill" */;
			compatibilityVersion = "Xcode 3.2";
			developmentRegion = English;
			hasScannedForEncodings = 0;
			knownRegions = (
				en,
				Base,
			);
			mainGroup = 96AEDF911DBC5FE00078781F;
			productRefGroup = 96AEDF9B1DBC5FE00078781F /* Products */;
			projectDirPath = "";
			projectRoot = "";
			targets = (
				96AEDF991DBC5FE00078781F /* MiraclePill */,
			);
		};
/* End PBXProject section */

/* Begin PBXResourcesBuildPhase section */
		96AEDF981DBC5FE00078781F /* Resources */ = {
			isa = PBXResourcesBuildPhase;
			buildActionMask = 2147483647;
			files = (
				96AEDFA81DBC5FE00078781F /* LaunchScreen.storyboard in Resources */,
				96AEDFA51DBC5FE00078781F /* Assets.xcassets in Resources */,
				96AEDFA31DBC5FE00078781F /* Main.storyboard in Resources */,
			);
			runOnlyForDeploymentPostprocessing = 0;
		};
/* End PBXResourcesBuildPhase section */

/* Begin PBXSourcesBuildPhase section */
		96AEDF961DBC5FE00078781F /* Sources */ = {
			isa = PBXSourcesBuildPhase;
			buildActionMask = 2147483647;
			files = (
				96AEDFA01DBC5FE00078781F /* ViewController.swift in Sources */,
				96AEDF9E1DBC5FE00078781F /* AppDelegate.swift in Sources */,
			);
			runOnlyForDeploymentPostprocessing = 0;
		};
/* End PBXSourcesBuildPhase section */

/* Begin PBXVariantGroup section */
		96AEDFA11DBC5FE00078781F /* Main.storyboard */ = {
			isa = PBXVariantGroup;
			children = (
				96AEDFA21DBC5FE00078781F /* Base */,
			);
			name = Main.storyboard;
			sourceTree = "<group>";
		};
		96AEDFA61DBC5FE00078781F /* LaunchScreen.storyboard */ = {
			isa = PBXVariantGroup;
			children = (
				96AEDFA71DBC5FE00078781F /* Base */,
			);
			name = LaunchScreen.storyboard;
			sourceTree = "<group>";
		};
/* End PBXVariantGroup section */

/* Begin XCBuildConfiguration section */
		96AEDFAA1DBC5FE00078781F /* Debug */ = {
			isa = XCBuildConfiguration;
			buildSettings = {
				ALWAYS_SEARCH_USER_PATHS = NO;
				CLANG_ANALYZER_NONNULL = YES;
				CLANG_CXX_LANGUAGE_STANDARD = "gnu++0x";
				CLANG_CXX_LIBRARY = "libc++";
				CLANG_ENABLE_MODULES = YES;
				CLANG_ENABLE_OBJC_ARC = YES;
				CLANG_WARN_BOOL_CONVERSION = YES;
				CLANG_WARN_CONSTANT_CONVERSION = YES;
				CLANG_WARN_DIRECT_OBJC_ISA_USAGE = YES_ERROR;
				CLANG_WARN_DOCUMENTATION_COMMENTS = YES;
				CLANG_WARN_EMPTY_BODY = YES;
				CLANG_WARN_ENUM_CONVERSION = YES;
				CLANG_WARN_INFINITE_RECURSION = YES;
				CLANG_WARN_INT_CONVERSION = YES;
				CLANG_WARN_OBJC_ROOT_CLASS = YES_ERROR;
				CLANG_WARN_SUSPICIOUS_MOVES = YES;
				CLANG_WARN_UNREACHABLE_CODE = YES;
				CLANG_WARN__DUPLICATE_METHOD_MATCH = YES;
				"CODE_SIGN_IDENTITY[sdk=iphoneos*]" = "iPhone Developer";
				COPY_PHASE_STRIP = NO;
				DEBUG_INFORMATION_FORMAT = dwarf;
				ENABLE_STRICT_OBJC_MSGSEND = YES;
				ENABLE_TESTABILITY = YES;
				GCC_C_LANGUAGE_STANDARD = gnu99;
				GCC_DYNAMIC_NO_PIC = NO;
				GCC_NO_COMMON_BLOCKS = YES;
				GCC_OPTIMIZATION_LEVEL = 0;
				GCC_PREPROCESSOR_DEFINITIONS = (
					"DEBUG=1",
					"$(inherited)",
				);
				GCC_WARN_64_TO_32_BIT_CONVERSION = YES;
				GCC_WARN_ABOUT_RETURN_TYPE = YES_ERROR;
				GCC_WARN_UNDECLARED_SELECTOR = YES;
				GCC_WARN_UNINITIALIZED_AUTOS = YES_AGGRESSIVE;
				GCC_WARN_UNUSED_FUNCTION = YES;
				GCC_WARN_UNUSED_VARIABLE = YES;
				IPHONEOS_DEPLOYMENT_TARGET = 10.0;
				MTL_ENABLE_DEBUG_INFO = YES;
				ONLY_ACTIVE_ARCH = YES;
				SDKROOT = iphoneos;
				SWIFT_ACTIVE_COMPILATION_CONDITIONS = DEBUG;
				SWIFT_OPTIMIZATION_LEVEL = "-Onone";
				TARGETED_DEVICE_FAMILY = "1,2";
			};
			name = Debug;
		};
		96AEDFAB1DBC5FE00078781F /* Release */ = {
			isa = XCBuildConfiguration;
			buildSettings = {
				ALWAYS_SEARCH_USER_PATHS = NO;
				CLANG_ANALYZER_NONNULL = YES;
				CLANG_CXX_LANGUAGE_STANDARD = "gnu++0x";
				CLANG_CXX_LIBRARY = "libc++";
				CLANG_ENABLE_MODULES = YES;
				CLANG_ENABLE_OBJC_ARC = YES;
				CLANG_WARN_BOOL_CONVERSION = YES;
				CLANG_WARN_CONSTANT_CONVERSION = YES;
				CLANG_WARN_DIRECT_OBJC_ISA_USAGE = YES_ERROR;
				CLANG_WARN_DOCUMENTATION_COMMENTS = YES;
				CLANG_WARN_EMPTY_BODY = YES;
				CLANG_WARN_ENUM_CONVERSION = YES;
				CLANG_WARN_INFINITE_RECURSION = YES;
				CLANG_WARN_INT_CONVERSION = YES;
				CLANG_WARN_OBJC_ROOT_CLASS = YES_ERROR;
				CLANG_WARN_SUSPICIOUS_MOVES = YES;
				CLANG_WARN_UNREACHABLE_CODE = YES;
				CLANG_WARN__DUPLICATE_METHOD_MATCH = YES;
				"CODE_SIGN_IDENTITY[sdk=iphoneos*]" = "iPhone Developer";
				COPY_PHASE_STRIP = NO;
				DEBUG_INFORMATION_FORMAT = "dwarf-with-dsym";
				ENABLE_NS_ASSERTIONS = NO;
				ENABLE_STRICT_OBJC_MSGSEND = YES;
				GCC_C_LANGUAGE_STANDARD = gnu99;
				GCC_NO_COMMON_BLOCKS = YES;
				GCC_WARN_64_TO_32_BIT_CONVERSION = YES;
				GCC_WARN_ABOUT_RETURN_TYPE = YES_ERROR;
				GCC_WARN_UNDECLARED_SELECTOR = YES;
				GCC_WARN_UNINITIALIZED_AUTOS = YES_AGGRESSIVE;
				GCC_WARN_UNUSED_FUNCTION = YES;
				GCC_WARN_UNUSED_VARIABLE = YES;
				IPHONEOS_DEPLOYMENT_TARGET = 10.0;
				MTL_ENABLE_DEBUG_INFO = NO;
				SDKROOT = iphoneos;
				SWIFT_OPTIMIZATION_LEVEL = "-Owholemodule";
				TARGETED_DEVICE_FAMILY = "1,2";
				VALIDATE_PRODUCT = YES;
			};
			name = Release;
		};
		96AEDFAD1DBC5FE00078781F /* Debug */ = {
			isa = XCBuildConfiguration;
			buildSettings = {
				ASSETCATALOG_COMPILER_APPICON_NAME = AppIcon;
				INFOPLIST_FILE = MiraclePill/Info.plist;
				LD_RUNPATH_SEARCH_PATHS = "$(inherited) @executable_path/Frameworks";
				PRODUCT_BUNDLE_IDENTIFIER = com.pow.MiraclePill;
				PRODUCT_NAME = "$(TARGET_NAME)";
				SWIFT_VERSION = 3.0;
			};
			name = Debug;
		};
		96AEDFAE1DBC5FE00078781F /* Release */ = {
			isa = XCBuildConfiguration;
			buildSettings = {
				ASSETCATALOG_COMPILER_APPICON_NAME = AppIcon;
				INFOPLIST_FILE = MiraclePill/Info.plist;
				LD_RUNPATH_SEARCH_PATHS = "$(inherited) @executable_path/Frameworks";
				PRODUCT_BUNDLE_IDENTIFIER = com.pow.MiraclePill;
				PRODUCT_NAME = "$(TARGET_NAME)";
				SWIFT_VERSION = 3.0;
			};
			name = Release;
		};
/* End XCBuildConfiguration section */

/* Begin XCConfigurationList section */
		96AEDF951DBC5FE00078781F /* Build configuration list for PBXProject "MiraclePill" */ = {
			isa = XCConfigurationList;
			buildConfigurations = (
				96AEDFAA1DBC5FE00078781F /* Debug */,
				96AEDFAB1DBC5FE00078781F /* Release */,
			);
			defaultConfigurationIsVisible = 0;
			defaultConfigurationName = Release;
		};
		96AEDFAC1DBC5FE00078781F /* Build configuration list for PBXNativeTarget "MiraclePill" */ = {
			isa = XCConfigurationList;
			buildConfigurations = (
				96AEDFAD1DBC5FE00078781F /* Debug */,
				96AEDFAE1DBC5FE00078781F /* Release */,
			);
			defaultConfigurationIsVisible = 0;
		};
/* End XCConfigurationList section */
	};
	rootObject = 96AEDF921DBC5FE00078781F /* Project object */;
}
